PODS:
  - Bolts (1.8.4):
    - Bolts/AppLinks (= 1.8.4)
    - Bolts/Tasks (= 1.8.4)
  - Bolts/AppLinks (1.8.4):
    - Bolts/Tasks
  - Bolts/Tasks (1.8.4)
  - FBSDKCoreKit (4.20.1):
    - Bolts (~> 1.7)
  - FBSDKLoginKit (4.20.1):
    - FBSDKCoreKit
  - FBSDKMessengerShareKit (1.3.2)
  - FBSDKShareKit (4.20.1):
    - FBSDKCoreKit
  - SnapKit (3.2.0)
  - SwiftLint (0.18.1)

DEPENDENCIES:
  - FBSDKCoreKit (~> 4.20.1)
  - FBSDKLoginKit (~> 4.20.1)
  - FBSDKMessengerShareKit (~> 1.3.2)
  - FBSDKShareKit (~> 4.20.1)
  - SnapKit (~> 3.2.0)
  - SwiftLint (~> 0.18.1)

SPEC CHECKSUMS:
  Bolts: 8a7995239dbe724f9cba2248b766d48b7ebdd322
  FBSDKCoreKit: 39a3569652983bf8666620dd334804c9057ae9b2
  FBSDKLoginKit: 17092ff61a18c54ca423aebc18c5acc2e5a4a728
  FBSDKMessengerShareKit: 41c0b1a667d685c9433f993eb9611b3d5074e1cb
  FBSDKShareKit: 4f37934d9ee9500d2d35752595816dc35f967478
  SnapKit: 1ca44df72cfa543218d177cb8aab029d10d86ea7
  SwiftLint: b467d08f5b25dc3b3cfed243d8e1b74b91714c67

PODFILE CHECKSUM: 5d2eb8f6623ebd9a5bd83166a0ef5999003545f9

COCOAPODS: 1.2.0
