// !$*UTF8*$!
{
	archiveVersion = 1;
	classes = {
	};
	objectVersion = 46;
	objects = {

/* Begin PBXBuildFile section */
		2606948B1E7DD1A200BFED76 /* Date.swift in Sources */ = {isa = PBXBuildFile; fileRef = 2606948A1E7DD1A200BFED76 /* Date.swift */; };
		2669867B1E91D527004D45B4 /* APIClientHelpers.swift in Sources */ = {isa = PBXBuildFile; fileRef = 2669867A1E91D527004D45B4 /* APIClientHelpers.swift */; };
		26792DD81E91DCB400A7E5BA /* APIClient.swift in Sources */ = {isa = PBXBuildFile; fileRef = 26792DD71E91DCB400A7E5BA /* APIClient.swift */; };
		269E34CA1E765828000726C2 /* AppDelegate.swift in Sources */ = {isa = PBXBuildFile; fileRef = 269E34C91E765828000726C2 /* AppDelegate.swift */; };
		269E34D11E765828000726C2 /* Assets.xcassets in Resources */ = {isa = PBXBuildFile; fileRef = 269E34D01E765828000726C2 /* Assets.xcassets */; };
		269E34EC1E7658E6000726C2 /* AppController.swift in Sources */ = {isa = PBXBuildFile; fileRef = 269E34E91E7658E6000726C2 /* AppController.swift */; };
		269E34FD1E7658F2000726C2 /* Launch.storyboard in Resources */ = {isa = PBXBuildFile; fileRef = 269E34EE1E7658F2000726C2 /* Launch.storyboard */; };
		269E35071E765C68000726C2 /* LoginViewController.swift in Sources */ = {isa = PBXBuildFile; fileRef = 269E35061E765C68000726C2 /* LoginViewController.swift */; };
		269E35091E765F24000726C2 /* UIView.swift in Sources */ = {isa = PBXBuildFile; fileRef = 269E35081E765F24000726C2 /* UIView.swift */; };
		269E350C1E765F73000726C2 /* StyleGuide.swift in Sources */ = {isa = PBXBuildFile; fileRef = 269E350B1E765F73000726C2 /* StyleGuide.swift */; };
		269E350E1E76664F000726C2 /* Async.swift in Sources */ = {isa = PBXBuildFile; fileRef = 269E350D1E76664F000726C2 /* Async.swift */; };
		269E35101E7666EE000726C2 /* Blocks.swift in Sources */ = {isa = PBXBuildFile; fileRef = 269E350F1E7666EE000726C2 /* Blocks.swift */; };
		269E35121E76685A000726C2 /* ProfileViewController.swift in Sources */ = {isa = PBXBuildFile; fileRef = 269E35111E76685A000726C2 /* ProfileViewController.swift */; };
		269E35141E7668C1000726C2 /* TeamViewController.swift in Sources */ = {isa = PBXBuildFile; fileRef = 269E35131E7668C1000726C2 /* TeamViewController.swift */; };
		269E35161E7668CF000726C2 /* SponsorViewController.swift in Sources */ = {isa = PBXBuildFile; fileRef = 269E35151E7668CF000726C2 /* SponsorViewController.swift */; };
		269E35181E7669FB000726C2 /* LocalizedStrings.swift in Sources */ = {isa = PBXBuildFile; fileRef = 269E35171E7669FB000726C2 /* LocalizedStrings.swift */; };
		269E351B1E766B8C000726C2 /* ProfileDataSource.swift in Sources */ = {isa = PBXBuildFile; fileRef = 269E351A1E766B8C000726C2 /* ProfileDataSource.swift */; };
		269E35211E7673B6000726C2 /* User.swift in Sources */ = {isa = PBXBuildFile; fileRef = 269E35201E7673B6000726C2 /* User.swift */; };
		269E35241E767807000726C2 /* Team.swift in Sources */ = {isa = PBXBuildFile; fileRef = 269E35231E767807000726C2 /* Team.swift */; };
		269E35271E76783B000726C2 /* Cells.swift in Sources */ = {isa = PBXBuildFile; fileRef = 269E35261E76783B000726C2 /* Cells.swift */; };
		269E35291E767AE1000726C2 /* Collection.swift in Sources */ = {isa = PBXBuildFile; fileRef = 269E35281E767AE1000726C2 /* Collection.swift */; };
		269E352B1E767C7A000726C2 /* TeamNameCell.swift in Sources */ = {isa = PBXBuildFile; fileRef = 269E352A1E767C7A000726C2 /* TeamNameCell.swift */; };
		269E352D1E767C81000726C2 /* TeamMemberCell.swift in Sources */ = {isa = PBXBuildFile; fileRef = 269E352C1E767C81000726C2 /* TeamMemberCell.swift */; };
		26C5E3621E7DCAF70053DE3E /* HealthKit.framework in Frameworks */ = {isa = PBXBuildFile; fileRef = 26C5E3611E7DCAF70053DE3E /* HealthKit.framework */; };
		ED85D460832E1D261F31B25E /* Pods_WalkingChallenge.framework in Frameworks */ = {isa = PBXBuildFile; fileRef = 6AA48A8026A2CF45C3F6472E /* Pods_WalkingChallenge.framework */; };
		F02FB49E1E9180CE0097481D /* Preferences.swift in Sources */ = {isa = PBXBuildFile; fileRef = F02FB49D1E9180CE0097481D /* Preferences.swift */; };
		F02FB4A01E9187B30097481D /* PedometerDataProvider.swift in Sources */ = {isa = PBXBuildFile; fileRef = F02FB49F1E9187B30097481D /* PedometerDataProvider.swift */; };
		F02FB4A21E9188E40097481D /* HealthKitDataProvider.swift in Sources */ = {isa = PBXBuildFile; fileRef = F02FB4A11E9188E40097481D /* HealthKitDataProvider.swift */; };
		F09E7DFA1E860CE300AD8CAF /* ContactPicker.swift in Sources */ = {isa = PBXBuildFile; fileRef = F09E7DF91E860CE300AD8CAF /* ContactPicker.swift */; };
		F0E1828A1E80B1DB00665E4F /* Facebook.swift in Sources */ = {isa = PBXBuildFile; fileRef = F0E182891E80B1DB00665E4F /* Facebook.swift */; };
/* End PBXBuildFile section */

/* Begin PBXFileReference section */
		00596233B5D00EAEF7957964 /* Pods-WalkingChallenge.debug.xcconfig */ = {isa = PBXFileReference; includeInIndex = 1; lastKnownFileType = text.xcconfig; name = "Pods-WalkingChallenge.debug.xcconfig"; path = "Pods/Target Support Files/Pods-WalkingChallenge/Pods-WalkingChallenge.debug.xcconfig"; sourceTree = "<group>"; };
		2606948A1E7DD1A200BFED76 /* Date.swift */ = {isa = PBXFileReference; fileEncoding = 4; lastKnownFileType = sourcecode.swift; path = Date.swift; sourceTree = "<group>"; };
		2669867A1E91D527004D45B4 /* APIClientHelpers.swift */ = {isa = PBXFileReference; fileEncoding = 4; lastKnownFileType = sourcecode.swift; path = APIClientHelpers.swift; sourceTree = "<group>"; };
		26792DD71E91DCB400A7E5BA /* APIClient.swift */ = {isa = PBXFileReference; fileEncoding = 4; lastKnownFileType = sourcecode.swift; path = APIClient.swift; sourceTree = "<group>"; };
		269E34C61E765828000726C2 /* WalkingChallenge.app */ = {isa = PBXFileReference; explicitFileType = wrapper.application; includeInIndex = 0; path = WalkingChallenge.app; sourceTree = BUILT_PRODUCTS_DIR; };
		269E34C91E765828000726C2 /* AppDelegate.swift */ = {isa = PBXFileReference; lastKnownFileType = sourcecode.swift; path = AppDelegate.swift; sourceTree = "<group>"; };
		269E34D01E765828000726C2 /* Assets.xcassets */ = {isa = PBXFileReference; lastKnownFileType = folder.assetcatalog; path = Assets.xcassets; sourceTree = "<group>"; };
		269E34D51E765828000726C2 /* Info.plist */ = {isa = PBXFileReference; lastKnownFileType = text.plist.xml; path = Info.plist; sourceTree = "<group>"; };
		269E34E91E7658E6000726C2 /* AppController.swift */ = {isa = PBXFileReference; fileEncoding = 4; lastKnownFileType = sourcecode.swift; path = AppController.swift; sourceTree = "<group>"; };
		269E34EE1E7658F2000726C2 /* Launch.storyboard */ = {isa = PBXFileReference; fileEncoding = 4; lastKnownFileType = file.storyboard; path = Launch.storyboard; sourceTree = "<group>"; };
		269E35061E765C68000726C2 /* LoginViewController.swift */ = {isa = PBXFileReference; fileEncoding = 4; lastKnownFileType = sourcecode.swift; path = LoginViewController.swift; sourceTree = "<group>"; };
		269E35081E765F24000726C2 /* UIView.swift */ = {isa = PBXFileReference; fileEncoding = 4; lastKnownFileType = sourcecode.swift; path = UIView.swift; sourceTree = "<group>"; };
		269E350B1E765F73000726C2 /* StyleGuide.swift */ = {isa = PBXFileReference; fileEncoding = 4; lastKnownFileType = sourcecode.swift; path = StyleGuide.swift; sourceTree = "<group>"; };
		269E350D1E76664F000726C2 /* Async.swift */ = {isa = PBXFileReference; fileEncoding = 4; lastKnownFileType = sourcecode.swift; path = Async.swift; sourceTree = "<group>"; };
		269E350F1E7666EE000726C2 /* Blocks.swift */ = {isa = PBXFileReference; fileEncoding = 4; lastKnownFileType = sourcecode.swift; path = Blocks.swift; sourceTree = "<group>"; };
		269E35111E76685A000726C2 /* ProfileViewController.swift */ = {isa = PBXFileReference; fileEncoding = 4; lastKnownFileType = sourcecode.swift; path = ProfileViewController.swift; sourceTree = "<group>"; };
		269E35131E7668C1000726C2 /* TeamViewController.swift */ = {isa = PBXFileReference; fileEncoding = 4; lastKnownFileType = sourcecode.swift; path = TeamViewController.swift; sourceTree = "<group>"; };
		269E35151E7668CF000726C2 /* SponsorViewController.swift */ = {isa = PBXFileReference; fileEncoding = 4; lastKnownFileType = sourcecode.swift; path = SponsorViewController.swift; sourceTree = "<group>"; };
		269E35171E7669FB000726C2 /* LocalizedStrings.swift */ = {isa = PBXFileReference; fileEncoding = 4; lastKnownFileType = sourcecode.swift; path = LocalizedStrings.swift; sourceTree = "<group>"; };
		269E351A1E766B8C000726C2 /* ProfileDataSource.swift */ = {isa = PBXFileReference; fileEncoding = 4; lastKnownFileType = sourcecode.swift; path = ProfileDataSource.swift; sourceTree = "<group>"; };
		269E35201E7673B6000726C2 /* User.swift */ = {isa = PBXFileReference; fileEncoding = 4; lastKnownFileType = sourcecode.swift; path = User.swift; sourceTree = "<group>"; };
		269E35231E767807000726C2 /* Team.swift */ = {isa = PBXFileReference; fileEncoding = 4; lastKnownFileType = sourcecode.swift; path = Team.swift; sourceTree = "<group>"; };
		269E35261E76783B000726C2 /* Cells.swift */ = {isa = PBXFileReference; fileEncoding = 4; lastKnownFileType = sourcecode.swift; path = Cells.swift; sourceTree = "<group>"; };
		269E35281E767AE1000726C2 /* Collection.swift */ = {isa = PBXFileReference; fileEncoding = 4; lastKnownFileType = sourcecode.swift; path = Collection.swift; sourceTree = "<group>"; };
		269E352A1E767C7A000726C2 /* TeamNameCell.swift */ = {isa = PBXFileReference; fileEncoding = 4; lastKnownFileType = sourcecode.swift; path = TeamNameCell.swift; sourceTree = "<group>"; };
		269E352C1E767C81000726C2 /* TeamMemberCell.swift */ = {isa = PBXFileReference; fileEncoding = 4; lastKnownFileType = sourcecode.swift; path = TeamMemberCell.swift; sourceTree = "<group>"; };
		26C5E3601E7DCACF0053DE3E /* WalkingChallenge.entitlements */ = {isa = PBXFileReference; lastKnownFileType = text.plist.entitlements; path = WalkingChallenge.entitlements; sourceTree = "<group>"; };
		26C5E3611E7DCAF70053DE3E /* HealthKit.framework */ = {isa = PBXFileReference; lastKnownFileType = wrapper.framework; name = HealthKit.framework; path = System/Library/Frameworks/HealthKit.framework; sourceTree = SDKROOT; };
		6AA48A8026A2CF45C3F6472E /* Pods_WalkingChallenge.framework */ = {isa = PBXFileReference; explicitFileType = wrapper.framework; includeInIndex = 0; path = Pods_WalkingChallenge.framework; sourceTree = BUILT_PRODUCTS_DIR; };
		F02FB49D1E9180CE0097481D /* Preferences.swift */ = {isa = PBXFileReference; fileEncoding = 4; lastKnownFileType = sourcecode.swift; path = Preferences.swift; sourceTree = "<group>"; };
		F02FB49F1E9187B30097481D /* PedometerDataProvider.swift */ = {isa = PBXFileReference; fileEncoding = 4; lastKnownFileType = sourcecode.swift; path = PedometerDataProvider.swift; sourceTree = "<group>"; };
		F02FB4A11E9188E40097481D /* HealthKitDataProvider.swift */ = {isa = PBXFileReference; fileEncoding = 4; lastKnownFileType = sourcecode.swift; path = HealthKitDataProvider.swift; sourceTree = "<group>"; };
		F09E7DF91E860CE300AD8CAF /* ContactPicker.swift */ = {isa = PBXFileReference; fileEncoding = 4; lastKnownFileType = sourcecode.swift; path = ContactPicker.swift; sourceTree = "<group>"; };
		F0E182891E80B1DB00665E4F /* Facebook.swift */ = {isa = PBXFileReference; fileEncoding = 4; lastKnownFileType = sourcecode.swift; path = Facebook.swift; sourceTree = "<group>"; };
		FB0F6813102ABF61F968C9BD /* Pods-WalkingChallenge.release.xcconfig */ = {isa = PBXFileReference; includeInIndex = 1; lastKnownFileType = text.xcconfig; name = "Pods-WalkingChallenge.release.xcconfig"; path = "Pods/Target Support Files/Pods-WalkingChallenge/Pods-WalkingChallenge.release.xcconfig"; sourceTree = "<group>"; };
/* End PBXFileReference section */

/* Begin PBXFrameworksBuildPhase section */
		269E34C31E765828000726C2 /* Frameworks */ = {
			isa = PBXFrameworksBuildPhase;
			buildActionMask = 2147483647;
			files = (
				ED85D460832E1D261F31B25E /* Pods_WalkingChallenge.framework in Frameworks */,
				26C5E3621E7DCAF70053DE3E /* HealthKit.framework in Frameworks */,
			);
			runOnlyForDeploymentPostprocessing = 0;
		};
/* End PBXFrameworksBuildPhase section */

/* Begin PBXGroup section */
		266986791E91D50E004D45B4 /* Networking */ = {
			isa = PBXGroup;
			children = (
				F0E182891E80B1DB00665E4F /* Facebook.swift */,
				2669867A1E91D527004D45B4 /* APIClientHelpers.swift */,
				26792DD71E91DCB400A7E5BA /* APIClient.swift */,
			);
			name = Networking;
			sourceTree = "<group>";
		};
		269E34BD1E765828000726C2 = {
			isa = PBXGroup;
			children = (
				269E34C81E765828000726C2 /* WalkingChallenge */,
				269E34C71E765828000726C2 /* Products */,
				32BEA0F580FBBCEE2DC19561 /* Pods */,
				71A05532D1340D55ABD0E4B4 /* Frameworks */,
			);
			indentWidth = 2;
			sourceTree = "<group>";
			tabWidth = 2;
		};
		269E34C71E765828000726C2 /* Products */ = {
			isa = PBXGroup;
			children = (
				269E34C61E765828000726C2 /* WalkingChallenge.app */,
			);
			name = Products;
			sourceTree = "<group>";
		};
		269E34C81E765828000726C2 /* WalkingChallenge */ = {
			isa = PBXGroup;
			children = (
				26C5E3601E7DCACF0053DE3E /* WalkingChallenge.entitlements */,
				269E34E91E7658E6000726C2 /* AppController.swift */,
				269E352E1E768058000726C2 /* Login */,
				269E35191E766B74000726C2 /* Profile */,
				269E351E1E7671FE000726C2 /* Team */,
				269E351F1E767202000726C2 /* Sponsor */,
				266986791E91D50E004D45B4 /* Networking */,
				269E35251E76782D000726C2 /* Protocols */,
				269E350A1E765F2A000726C2 /* Extensions */,
				269E35051E765BBF000726C2 /* Supporting Files */,
				269E350B1E765F73000726C2 /* StyleGuide.swift */,
				269E35171E7669FB000726C2 /* LocalizedStrings.swift */,
				F02FB49D1E9180CE0097481D /* Preferences.swift */,
			);
			path = WalkingChallenge;
			sourceTree = "<group>";
		};
		269E35051E765BBF000726C2 /* Supporting Files */ = {
			isa = PBXGroup;
			children = (
				269E34C91E765828000726C2 /* AppDelegate.swift */,
				269E34D01E765828000726C2 /* Assets.xcassets */,
				269E34D51E765828000726C2 /* Info.plist */,
				269E34EE1E7658F2000726C2 /* Launch.storyboard */,
			);
			name = "Supporting Files";
			sourceTree = "<group>";
		};
		269E350A1E765F2A000726C2 /* Extensions */ = {
			isa = PBXGroup;
			children = (
				269E35081E765F24000726C2 /* UIView.swift */,
				269E350D1E76664F000726C2 /* Async.swift */,
				269E350F1E7666EE000726C2 /* Blocks.swift */,
				269E35281E767AE1000726C2 /* Collection.swift */,
				2606948A1E7DD1A200BFED76 /* Date.swift */,
			);
			name = Extensions;
			sourceTree = "<group>";
		};
		269E35191E766B74000726C2 /* Profile */ = {
			isa = PBXGroup;
			children = (
				269E35111E76685A000726C2 /* ProfileViewController.swift */,
				269E351A1E766B8C000726C2 /* ProfileDataSource.swift */,
				F02FB4A11E9188E40097481D /* HealthKitDataProvider.swift */,
			);
			name = Profile;
			sourceTree = "<group>";
		};
		269E351E1E7671FE000726C2 /* Team */ = {
			isa = PBXGroup;
			children = (
				269E35131E7668C1000726C2 /* TeamViewController.swift */,
				269E35231E767807000726C2 /* Team.swift */,
				269E352A1E767C7A000726C2 /* TeamNameCell.swift */,
				269E352C1E767C81000726C2 /* TeamMemberCell.swift */,
				F09E7DF91E860CE300AD8CAF /* ContactPicker.swift */,
			);
			name = Team;
			sourceTree = "<group>";
		};
		269E351F1E767202000726C2 /* Sponsor */ = {
			isa = PBXGroup;
			children = (
				269E35151E7668CF000726C2 /* SponsorViewController.swift */,
			);
			name = Sponsor;
			sourceTree = "<group>";
		};
		269E35251E76782D000726C2 /* Protocols */ = {
			isa = PBXGroup;
			children = (
				269E35261E76783B000726C2 /* Cells.swift */,
				F02FB49F1E9187B30097481D /* PedometerDataProvider.swift */,
			);
			name = Protocols;
			sourceTree = "<group>";
		};
		269E352E1E768058000726C2 /* Login */ = {
			isa = PBXGroup;
			children = (
				269E35201E7673B6000726C2 /* User.swift */,
				269E35061E765C68000726C2 /* LoginViewController.swift */,
			);
			name = Login;
			sourceTree = "<group>";
		};
		32BEA0F580FBBCEE2DC19561 /* Pods */ = {
			isa = PBXGroup;
			children = (
				00596233B5D00EAEF7957964 /* Pods-WalkingChallenge.debug.xcconfig */,
				FB0F6813102ABF61F968C9BD /* Pods-WalkingChallenge.release.xcconfig */,
			);
			name = Pods;
			sourceTree = "<group>";
		};
		71A05532D1340D55ABD0E4B4 /* Frameworks */ = {
			isa = PBXGroup;
			children = (
				26C5E3611E7DCAF70053DE3E /* HealthKit.framework */,
				6AA48A8026A2CF45C3F6472E /* Pods_WalkingChallenge.framework */,
			);
			name = Frameworks;
			sourceTree = "<group>";
		};
/* End PBXGroup section */

/* Begin PBXNativeTarget section */
		269E34C51E765828000726C2 /* WalkingChallenge */ = {
			isa = PBXNativeTarget;
			buildConfigurationList = 269E34E31E765828000726C2 /* Build configuration list for PBXNativeTarget "WalkingChallenge" */;
			buildPhases = (
				14FA866E60122FB13DD0CD94 /* [CP] Check Pods Manifest.lock */,
				269E34C21E765828000726C2 /* Sources */,
				269E34C31E765828000726C2 /* Frameworks */,
				269E34C41E765828000726C2 /* Resources */,
				65FAF8F474BBD7BA376F8E48 /* [CP] Embed Pods Frameworks */,
				35FF4ACCB1F0D8178ECC045D /* [CP] Copy Pods Resources */,
			);
			buildRules = (
			);
			dependencies = (
			);
			name = WalkingChallenge;
			productName = WalkingChallenge;
			productReference = 269E34C61E765828000726C2 /* WalkingChallenge.app */;
			productType = "com.apple.product-type.application";
		};
/* End PBXNativeTarget section */

/* Begin PBXProject section */
		269E34BE1E765828000726C2 /* Project object */ = {
			isa = PBXProject;
			attributes = {
				LastSwiftUpdateCheck = 0820;
				LastUpgradeCheck = 0820;
				ORGANIZATIONNAME = AKDN;
				TargetAttributes = {
					269E34C51E765828000726C2 = {
						CreatedOnToolsVersion = 8.2.1;
						DevelopmentTeam = DVZQHUVU8F;
						LastSwiftMigration = 0820;
						ProvisioningStyle = Automatic;
						SystemCapabilities = {
							com.apple.HealthKit = {
								enabled = 1;
							};
						};
					};
				};
			};
			buildConfigurationList = 269E34C11E765828000726C2 /* Build configuration list for PBXProject "WalkingChallenge" */;
			compatibilityVersion = "Xcode 3.2";
			developmentRegion = English;
			hasScannedForEncodings = 0;
			knownRegions = (
				en,
				Base,
			);
			mainGroup = 269E34BD1E765828000726C2;
			productRefGroup = 269E34C71E765828000726C2 /* Products */;
			projectDirPath = "";
			projectRoot = "";
			targets = (
				269E34C51E765828000726C2 /* WalkingChallenge */,
			);
		};
/* End PBXProject section */

/* Begin PBXResourcesBuildPhase section */
		269E34C41E765828000726C2 /* Resources */ = {
			isa = PBXResourcesBuildPhase;
			buildActionMask = 2147483647;
			files = (
				269E34D11E765828000726C2 /* Assets.xcassets in Resources */,
				269E34FD1E7658F2000726C2 /* Launch.storyboard in Resources */,
			);
			runOnlyForDeploymentPostprocessing = 0;
		};
/* End PBXResourcesBuildPhase section */

/* Begin PBXShellScriptBuildPhase section */
		14FA866E60122FB13DD0CD94 /* [CP] Check Pods Manifest.lock */ = {
			isa = PBXShellScriptBuildPhase;
			buildActionMask = 2147483647;
			files = (
			);
			inputPaths = (
			);
			name = "[CP] Check Pods Manifest.lock";
			outputPaths = (
			);
			runOnlyForDeploymentPostprocessing = 0;
			shellPath = /bin/sh;
			shellScript = "diff \"${PODS_ROOT}/../Podfile.lock\" \"${PODS_ROOT}/Manifest.lock\" > /dev/null\nif [ $? != 0 ] ; then\n    # print error to STDERR\n    echo \"error: The sandbox is not in sync with the Podfile.lock. Run 'pod install' or update your CocoaPods installation.\" >&2\n    exit 1\nfi\n";
			showEnvVarsInLog = 0;
		};
		35FF4ACCB1F0D8178ECC045D /* [CP] Copy Pods Resources */ = {
			isa = PBXShellScriptBuildPhase;
			buildActionMask = 2147483647;
			files = (
			);
			inputPaths = (
			);
			name = "[CP] Copy Pods Resources";
			outputPaths = (
			);
			runOnlyForDeploymentPostprocessing = 0;
			shellPath = /bin/sh;
			shellScript = "\"${SRCROOT}/Pods/Target Support Files/Pods-WalkingChallenge/Pods-WalkingChallenge-resources.sh\"\n";
			showEnvVarsInLog = 0;
		};
		65FAF8F474BBD7BA376F8E48 /* [CP] Embed Pods Frameworks */ = {
			isa = PBXShellScriptBuildPhase;
			buildActionMask = 2147483647;
			files = (
			);
			inputPaths = (
			);
			name = "[CP] Embed Pods Frameworks";
			outputPaths = (
			);
			runOnlyForDeploymentPostprocessing = 0;
			shellPath = /bin/sh;
			shellScript = "\"${SRCROOT}/Pods/Target Support Files/Pods-WalkingChallenge/Pods-WalkingChallenge-frameworks.sh\"\n";
			showEnvVarsInLog = 0;
		};
/* End PBXShellScriptBuildPhase section */

/* Begin PBXSourcesBuildPhase section */
		269E34C21E765828000726C2 /* Sources */ = {
			isa = PBXSourcesBuildPhase;
			buildActionMask = 2147483647;
			files = (
				269E35091E765F24000726C2 /* UIView.swift in Sources */,
				F02FB4A21E9188E40097481D /* HealthKitDataProvider.swift in Sources */,
				269E34CA1E765828000726C2 /* AppDelegate.swift in Sources */,
				2669867B1E91D527004D45B4 /* APIClientHelpers.swift in Sources */,
				269E352B1E767C7A000726C2 /* TeamNameCell.swift in Sources */,
				269E35141E7668C1000726C2 /* TeamViewController.swift in Sources */,
				269E35121E76685A000726C2 /* ProfileViewController.swift in Sources */,
				269E350E1E76664F000726C2 /* Async.swift in Sources */,
				269E35101E7666EE000726C2 /* Blocks.swift in Sources */,
				26792DD81E91DCB400A7E5BA /* APIClient.swift in Sources */,
				269E35291E767AE1000726C2 /* Collection.swift in Sources */,
				269E35161E7668CF000726C2 /* SponsorViewController.swift in Sources */,
				F02FB4A01E9187B30097481D /* PedometerDataProvider.swift in Sources */,
				269E351B1E766B8C000726C2 /* ProfileDataSource.swift in Sources */,
				269E350C1E765F73000726C2 /* StyleGuide.swift in Sources */,
				F09E7DFA1E860CE300AD8CAF /* ContactPicker.swift in Sources */,
				F0E1828A1E80B1DB00665E4F /* Facebook.swift in Sources */,
				269E35241E767807000726C2 /* Team.swift in Sources */,
				269E35181E7669FB000726C2 /* LocalizedStrings.swift in Sources */,
				269E352D1E767C81000726C2 /* TeamMemberCell.swift in Sources */,
				269E35271E76783B000726C2 /* Cells.swift in Sources */,
				269E34EC1E7658E6000726C2 /* AppController.swift in Sources */,
				F02FB49E1E9180CE0097481D /* Preferences.swift in Sources */,
				2606948B1E7DD1A200BFED76 /* Date.swift in Sources */,
				269E35211E7673B6000726C2 /* User.swift in Sources */,
				269E35071E765C68000726C2 /* LoginViewController.swift in Sources */,
			);
			runOnlyForDeploymentPostprocessing = 0;
		};
/* End PBXSourcesBuildPhase section */

/* Begin XCBuildConfiguration section */
		269E34E11E765828000726C2 /* Debug */ = {
			isa = XCBuildConfiguration;
			buildSettings = {
				ALWAYS_SEARCH_USER_PATHS = NO;
				CLANG_ANALYZER_NONNULL = YES;
				CLANG_CXX_LANGUAGE_STANDARD = "gnu++0x";
				CLANG_CXX_LIBRARY = "libc++";
				CLANG_ENABLE_MODULES = YES;
				CLANG_ENABLE_OBJC_ARC = YES;
				CLANG_WARN_BOOL_CONVERSION = YES;
				CLANG_WARN_CONSTANT_CONVERSION = YES;
				CLANG_WARN_DIRECT_OBJC_ISA_USAGE = YES_ERROR;
				CLANG_WARN_DOCUMENTATION_COMMENTS = YES;
				CLANG_WARN_EMPTY_BODY = YES;
				CLANG_WARN_ENUM_CONVERSION = YES;
				CLANG_WARN_INFINITE_RECURSION = YES;
				CLANG_WARN_INT_CONVERSION = YES;
				CLANG_WARN_OBJC_ROOT_CLASS = YES_ERROR;
				CLANG_WARN_SUSPICIOUS_MOVE = YES;
				CLANG_WARN_UNREACHABLE_CODE = YES;
				CLANG_WARN__DUPLICATE_METHOD_MATCH = YES;
				"CODE_SIGN_IDENTITY[sdk=iphoneos*]" = "iPhone Developer";
				COPY_PHASE_STRIP = NO;
				DEBUG_INFORMATION_FORMAT = dwarf;
				ENABLE_STRICT_OBJC_MSGSEND = YES;
				ENABLE_TESTABILITY = YES;
				GCC_C_LANGUAGE_STANDARD = gnu99;
				GCC_DYNAMIC_NO_PIC = NO;
				GCC_NO_COMMON_BLOCKS = YES;
				GCC_OPTIMIZATION_LEVEL = 0;
				GCC_PREPROCESSOR_DEFINITIONS = (
					"DEBUG=1",
					"$(inherited)",
				);
				GCC_WARN_64_TO_32_BIT_CONVERSION = YES;
				GCC_WARN_ABOUT_RETURN_TYPE = YES_ERROR;
				GCC_WARN_UNDECLARED_SELECTOR = YES;
				GCC_WARN_UNINITIALIZED_AUTOS = YES_AGGRESSIVE;
				GCC_WARN_UNUSED_FUNCTION = YES;
				GCC_WARN_UNUSED_VARIABLE = YES;
				IPHONEOS_DEPLOYMENT_TARGET = 10.2;
				MTL_ENABLE_DEBUG_INFO = YES;
				ONLY_ACTIVE_ARCH = YES;
				SDKROOT = iphoneos;
				SWIFT_ACTIVE_COMPILATION_CONDITIONS = DEBUG;
				SWIFT_OPTIMIZATION_LEVEL = "-Onone";
			};
			name = Debug;
		};
		269E34E21E765828000726C2 /* Release */ = {
			isa = XCBuildConfiguration;
			buildSettings = {
				ALWAYS_SEARCH_USER_PATHS = NO;
				CLANG_ANALYZER_NONNULL = YES;
				CLANG_CXX_LANGUAGE_STANDARD = "gnu++0x";
				CLANG_CXX_LIBRARY = "libc++";
				CLANG_ENABLE_MODULES = YES;
				CLANG_ENABLE_OBJC_ARC = YES;
				CLANG_WARN_BOOL_CONVERSION = YES;
				CLANG_WARN_CONSTANT_CONVERSION = YES;
				CLANG_WARN_DIRECT_OBJC_ISA_USAGE = YES_ERROR;
				CLANG_WARN_DOCUMENTATION_COMMENTS = YES;
				CLANG_WARN_EMPTY_BODY = YES;
				CLANG_WARN_ENUM_CONVERSION = YES;
				CLANG_WARN_INFINITE_RECURSION = YES;
				CLANG_WARN_INT_CONVERSION = YES;
				CLANG_WARN_OBJC_ROOT_CLASS = YES_ERROR;
				CLANG_WARN_SUSPICIOUS_MOVE = YES;
				CLANG_WARN_UNREACHABLE_CODE = YES;
				CLANG_WARN__DUPLICATE_METHOD_MATCH = YES;
				"CODE_SIGN_IDENTITY[sdk=iphoneos*]" = "iPhone Developer";
				COPY_PHASE_STRIP = NO;
				DEBUG_INFORMATION_FORMAT = "dwarf-with-dsym";
				ENABLE_NS_ASSERTIONS = NO;
				ENABLE_STRICT_OBJC_MSGSEND = YES;
				GCC_C_LANGUAGE_STANDARD = gnu99;
				GCC_NO_COMMON_BLOCKS = YES;
				GCC_WARN_64_TO_32_BIT_CONVERSION = YES;
				GCC_WARN_ABOUT_RETURN_TYPE = YES_ERROR;
				GCC_WARN_UNDECLARED_SELECTOR = YES;
				GCC_WARN_UNINITIALIZED_AUTOS = YES_AGGRESSIVE;
				GCC_WARN_UNUSED_FUNCTION = YES;
				GCC_WARN_UNUSED_VARIABLE = YES;
				IPHONEOS_DEPLOYMENT_TARGET = 10.2;
				MTL_ENABLE_DEBUG_INFO = NO;
				SDKROOT = iphoneos;
				SWIFT_OPTIMIZATION_LEVEL = "-Owholemodule";
				VALIDATE_PRODUCT = YES;
			};
			name = Release;
		};
		269E34E41E765828000726C2 /* Debug */ = {
			isa = XCBuildConfiguration;
			baseConfigurationReference = 00596233B5D00EAEF7957964 /* Pods-WalkingChallenge.debug.xcconfig */;
			buildSettings = {
				ASSETCATALOG_COMPILER_APPICON_NAME = AppIcon;
				CLANG_ENABLE_MODULES = YES;
				CODE_SIGN_ENTITLEMENTS = WalkingChallenge/WalkingChallenge.entitlements;
				DEVELOPMENT_TEAM = DVZQHUVU8F;
				INFOPLIST_FILE = WalkingChallenge/Info.plist;
				LD_RUNPATH_SEARCH_PATHS = "$(inherited) @executable_path/Frameworks";
				PRODUCT_BUNDLE_IDENTIFIER = com.akdn.WalkingChallenge;
				PRODUCT_NAME = "$(TARGET_NAME)";
				SWIFT_OPTIMIZATION_LEVEL = "-Onone";
				SWIFT_VERSION = 3.0;
			};
			name = Debug;
		};
		269E34E51E765828000726C2 /* Release */ = {
			isa = XCBuildConfiguration;
			baseConfigurationReference = FB0F6813102ABF61F968C9BD /* Pods-WalkingChallenge.release.xcconfig */;
			buildSettings = {
				ASSETCATALOG_COMPILER_APPICON_NAME = AppIcon;
				CLANG_ENABLE_MODULES = YES;
				CODE_SIGN_ENTITLEMENTS = WalkingChallenge/WalkingChallenge.entitlements;
				DEVELOPMENT_TEAM = DVZQHUVU8F;
				INFOPLIST_FILE = WalkingChallenge/Info.plist;
				LD_RUNPATH_SEARCH_PATHS = "$(inherited) @executable_path/Frameworks";
				PRODUCT_BUNDLE_IDENTIFIER = com.akdn.WalkingChallenge;
				PRODUCT_NAME = "$(TARGET_NAME)";
				SWIFT_VERSION = 3.0;
			};
			name = Release;
		};
/* End XCBuildConfiguration section */

/* Begin XCConfigurationList section */
		269E34C11E765828000726C2 /* Build configuration list for PBXProject "WalkingChallenge" */ = {
			isa = XCConfigurationList;
			buildConfigurations = (
				269E34E11E765828000726C2 /* Debug */,
				269E34E21E765828000726C2 /* Release */,
			);
			defaultConfigurationIsVisible = 0;
			defaultConfigurationName = Release;
		};
		269E34E31E765828000726C2 /* Build configuration list for PBXNativeTarget "WalkingChallenge" */ = {
			isa = XCConfigurationList;
			buildConfigurations = (
				269E34E41E765828000726C2 /* Debug */,
				269E34E51E765828000726C2 /* Release */,
			);
			defaultConfigurationIsVisible = 0;
			defaultConfigurationName = Release;
		};
/* End XCConfigurationList section */
	};
	rootObject = 269E34BE1E765828000726C2 /* Project object */;
}
