{
  "object": {
    "pins": [
      {
        "package": "BrightFutures",
        "repositoryURL": "https://github.com/Thomvis/BrightFutures.git",
        "state": {
          "branch": null,
          "revision": "9279defa6bdc21501ce740266e5a14d0119ddc63",
          "version": "8.0.1"
        }
      },
      {
        "package": "Erik",
        "repositoryURL": "https://github.com/phimage/Erik.git",
        "state": {
          "branch": null,
          "revision": "109a130e9cdb00789a43a7a625293eeb12d22989",
          "version": "5.1.0"
        }
      },
      {
        "package": "Facebook",
        "repositoryURL": "https://github.com/facebook/facebook-ios-sdk",
        "state": {
          "branch": null,
          "revision": "ebdfec2c8e7d440909334c7c12846409ee876328",
          "version": "7.0.0"
        }
      },
      {
        "package": "FileKit",
        "repositoryURL": "https://github.com/nvzqz/FileKit.git",
        "state": {
          "branch": null,
          "revision": "826d9161b184509f80d85c28cd612d630646de98",
          "version": "6.0.0"
        }
      },
      {
        "package": "Kanna",
        "repositoryURL": "https://github.com/tid-kijyun/Kanna.git",
        "state": {
          "branch": null,
          "revision": "609367a2cd84827a33383cf7923cb4fe8f69ee0a",
          "version": "5.2.2"
        }
      },
      {
        "package": "Nimble",
        "repositoryURL": "https://github.com/Quick/Nimble",
        "state": {
          "branch": null,
          "revision": "72f5a90d573f7f7d70aa6b8ad84b3e1e02eabb4d",
          "version": "8.0.9"
        }
      },
      {
        "package": "OAuthSwift",
        "repositoryURL": "https://github.com/OAuthSwift/OAuthSwift",
        "state": {
          "branch": null,
          "revision": "fde77955e6983fbfaabd491709d52b8a82fda4d0",
          "version": "2.1.2"
        }
      },
      {
        "package": "Quick",
        "repositoryURL": "https://github.com/Quick/Quick",
        "state": {
          "branch": null,
          "revision": "33682c2f6230c60614861dfc61df267e11a1602f",
          "version": "2.2.0"
        }
      },
      {
        "package": "RxSwift",
        "repositoryURL": "https://github.com/ReactiveX/RxSwift",
        "state": {
          "branch": null,
          "revision": "002d325b0bdee94e7882e1114af5ff4fe1e96afa",
          "version": "5.1.1"
        }
      },
      {
        "package": "SDWebImage",
        "repositoryURL": "https://github.com/SDWebImage/SDWebImage",
        "state": {
          "branch": null,
          "revision": "5818cf70fde7e9e07e24196d0d54350bc8526f26",
          "version": "5.8.0"
        }
      },
      {
        "package": "SnapKit",
        "repositoryURL": "https://github.com/SnapKit/SnapKit",
        "state": {
          "branch": null,
          "revision": "d458564516e5676af9c70b4f4b2a9178294f1bc6",
          "version": "5.0.1"
        }
      },
      {
        "package": "Swifter",
        "repositoryURL": "https://github.com/httpswift/swifter.git",
        "state": {
          "branch": null,
          "revision": "8b5afb48ae64d4f729f0489ddcfe09c62b9c3687",
          "version": "1.4.7"
        }
      }
    ]
  },
  "version": 1
}
